// !$*UTF8*$!
{
	archiveVersion = 1;
	classes = {
	};
	objectVersion = 56;
	objects = {

/* Begin PBXBuildFile section */
		CC99A6522A2D6E4E00FA1F76 /* AppDelegate.swift in Sources */ = {isa = PBXBuildFile; fileRef = CC99A6512A2D6E4E00FA1F76 /* AppDelegate.swift */; };
		CC99A6542A2D6E4E00FA1F76 /* SceneDelegate.swift in Sources */ = {isa = PBXBuildFile; fileRef = CC99A6532A2D6E4E00FA1F76 /* SceneDelegate.swift */; };
		CC99A6562A2D6E4E00FA1F76 /* ViewController.swift in Sources */ = {isa = PBXBuildFile; fileRef = CC99A6552A2D6E4E00FA1F76 /* ViewController.swift */; };
		CC99A6592A2D6E4E00FA1F76 /* Main.storyboard in Resources */ = {isa = PBXBuildFile; fileRef = CC99A6572A2D6E4E00FA1F76 /* Main.storyboard */; };
		CC99A65B2A2D6E4F00FA1F76 /* Assets.xcassets in Resources */ = {isa = PBXBuildFile; fileRef = CC99A65A2A2D6E4F00FA1F76 /* Assets.xcassets */; };
		CC99A65E2A2D6E4F00FA1F76 /* LaunchScreen.storyboard in Resources */ = {isa = PBXBuildFile; fileRef = CC99A65C2A2D6E4F00FA1F76 /* LaunchScreen.storyboard */; };
		CC99A6692A2D6E5000FA1F76 /* SimplecalculatorTests.swift in Sources */ = {isa = PBXBuildFile; fileRef = CC99A6682A2D6E5000FA1F76 /* SimplecalculatorTests.swift */; };
		CC99A6732A2D6E5000FA1F76 /* SimplecalculatorUITests.swift in Sources */ = {isa = PBXBuildFile; fileRef = CC99A6722A2D6E5000FA1F76 /* SimplecalculatorUITests.swift */; };
		CC99A6752A2D6E5000FA1F76 /* SimplecalculatorUITestsLaunchTests.swift in Sources */ = {isa = PBXBuildFile; fileRef = CC99A6742A2D6E5000FA1F76 /* SimplecalculatorUITestsLaunchTests.swift */; };
		CC99A6822A2D783500FA1F76 /* Calculator.swift in Sources */ = {isa = PBXBuildFile; fileRef = CC99A6812A2D783500FA1F76 /* Calculator.swift */; };
/* End PBXBuildFile section */

/* Begin PBXContainerItemProxy section */
		CC99A6652A2D6E5000FA1F76 /* PBXContainerItemProxy */ = {
			isa = PBXContainerItemProxy;
			containerPortal = CC99A6462A2D6E4E00FA1F76 /* Project object */;
			proxyType = 1;
			remoteGlobalIDString = CC99A64D2A2D6E4E00FA1F76;
			remoteInfo = Simplecalculator;
		};
		CC99A66F2A2D6E5000FA1F76 /* PBXContainerItemProxy */ = {
			isa = PBXContainerItemProxy;
			containerPortal = CC99A6462A2D6E4E00FA1F76 /* Project object */;
			proxyType = 1;
			remoteGlobalIDString = CC99A64D2A2D6E4E00FA1F76;
			remoteInfo = Simplecalculator;
		};
/* End PBXContainerItemProxy section */

/* Begin PBXFileReference section */
		CC99A64E2A2D6E4E00FA1F76 /* Simplecalculator.app */ = {isa = PBXFileReference; explicitFileType = wrapper.application; includeInIndex = 0; path = Simplecalculator.app; sourceTree = BUILT_PRODUCTS_DIR; };
		CC99A6512A2D6E4E00FA1F76 /* AppDelegate.swift */ = {isa = PBXFileReference; lastKnownFileType = sourcecode.swift; path = AppDelegate.swift; sourceTree = "<group>"; };
		CC99A6532A2D6E4E00FA1F76 /* SceneDelegate.swift */ = {isa = PBXFileReference; lastKnownFileType = sourcecode.swift; path = SceneDelegate.swift; sourceTree = "<group>"; };
		CC99A6552A2D6E4E00FA1F76 /* ViewController.swift */ = {isa = PBXFileReference; lastKnownFileType = sourcecode.swift; path = ViewController.swift; sourceTree = "<group>"; };
		CC99A6582A2D6E4E00FA1F76 /* Base */ = {isa = PBXFileReference; lastKnownFileType = file.storyboard; name = Base; path = Base.lproj/Main.storyboard; sourceTree = "<group>"; };
		CC99A65A2A2D6E4F00FA1F76 /* Assets.xcassets */ = {isa = PBXFileReference; lastKnownFileType = folder.assetcatalog; path = Assets.xcassets; sourceTree = "<group>"; };
		CC99A65D2A2D6E4F00FA1F76 /* Base */ = {isa = PBXFileReference; lastKnownFileType = file.storyboard; name = Base; path = Base.lproj/LaunchScreen.storyboard; sourceTree = "<group>"; };
		CC99A65F2A2D6E4F00FA1F76 /* Info.plist */ = {isa = PBXFileReference; lastKnownFileType = text.plist.xml; path = Info.plist; sourceTree = "<group>"; };
		CC99A6642A2D6E5000FA1F76 /* SimplecalculatorTests.xctest */ = {isa = PBXFileReference; explicitFileType = wrapper.cfbundle; includeInIndex = 0; path = SimplecalculatorTests.xctest; sourceTree = BUILT_PRODUCTS_DIR; };
		CC99A6682A2D6E5000FA1F76 /* SimplecalculatorTests.swift */ = {isa = PBXFileReference; lastKnownFileType = sourcecode.swift; path = SimplecalculatorTests.swift; sourceTree = "<group>"; };
		CC99A66E2A2D6E5000FA1F76 /* SimplecalculatorUITests.xctest */ = {isa = PBXFileReference; explicitFileType = wrapper.cfbundle; includeInIndex = 0; path = SimplecalculatorUITests.xctest; sourceTree = BUILT_PRODUCTS_DIR; };
		CC99A6722A2D6E5000FA1F76 /* SimplecalculatorUITests.swift */ = {isa = PBXFileReference; lastKnownFileType = sourcecode.swift; path = SimplecalculatorUITests.swift; sourceTree = "<group>"; };
		CC99A6742A2D6E5000FA1F76 /* SimplecalculatorUITestsLaunchTests.swift */ = {isa = PBXFileReference; lastKnownFileType = sourcecode.swift; path = SimplecalculatorUITestsLaunchTests.swift; sourceTree = "<group>"; };
		CC99A6812A2D783500FA1F76 /* Calculator.swift */ = {isa = PBXFileReference; lastKnownFileType = sourcecode.swift; path = Calculator.swift; sourceTree = "<group>"; };
/* End PBXFileReference section */

/* Begin PBXFrameworksBuildPhase section */
		CC99A64B2A2D6E4E00FA1F76 /* Frameworks */ = {
			isa = PBXFrameworksBuildPhase;
			buildActionMask = 2147483647;
			files = (
			);
			runOnlyForDeploymentPostprocessing = 0;
		};
		CC99A6612A2D6E5000FA1F76 /* Frameworks */ = {
			isa = PBXFrameworksBuildPhase;
			buildActionMask = 2147483647;
			files = (
			);
			runOnlyForDeploymentPostprocessing = 0;
		};
		CC99A66B2A2D6E5000FA1F76 /* Frameworks */ = {
			isa = PBXFrameworksBuildPhase;
			buildActionMask = 2147483647;
			files = (
			);
			runOnlyForDeploymentPostprocessing = 0;
		};
/* End PBXFrameworksBuildPhase section */

/* Begin PBXGroup section */
		CC99A6452A2D6E4E00FA1F76 = {
			isa = PBXGroup;
			children = (
				CC99A6502A2D6E4E00FA1F76 /* Simplecalculator */,
				CC99A6672A2D6E5000FA1F76 /* SimplecalculatorTests */,
				CC99A6712A2D6E5000FA1F76 /* SimplecalculatorUITests */,
				CC99A64F2A2D6E4E00FA1F76 /* Products */,
			);
			sourceTree = "<group>";
		};
		CC99A64F2A2D6E4E00FA1F76 /* Products */ = {
			isa = PBXGroup;
			children = (
				CC99A64E2A2D6E4E00FA1F76 /* Simplecalculator.app */,
				CC99A6642A2D6E5000FA1F76 /* SimplecalculatorTests.xctest */,
				CC99A66E2A2D6E5000FA1F76 /* SimplecalculatorUITests.xctest */,
			);
			name = Products;
			sourceTree = "<group>";
		};
		CC99A6502A2D6E4E00FA1F76 /* Simplecalculator */ = {
			isa = PBXGroup;
			children = (
				CC99A6512A2D6E4E00FA1F76 /* AppDelegate.swift */,
				CC99A6532A2D6E4E00FA1F76 /* SceneDelegate.swift */,
				CC99A6552A2D6E4E00FA1F76 /* ViewController.swift */,
				CC99A6572A2D6E4E00FA1F76 /* Main.storyboard */,
				CC99A65A2A2D6E4F00FA1F76 /* Assets.xcassets */,
				CC99A65C2A2D6E4F00FA1F76 /* LaunchScreen.storyboard */,
				CC99A65F2A2D6E4F00FA1F76 /* Info.plist */,
				CC99A6812A2D783500FA1F76 /* Calculator.swift */,
			);
			path = Simplecalculator;
			sourceTree = "<group>";
		};
		CC99A6672A2D6E5000FA1F76 /* SimplecalculatorTests */ = {
			isa = PBXGroup;
			children = (
				CC99A6682A2D6E5000FA1F76 /* SimplecalculatorTests.swift */,
			);
			path = SimplecalculatorTests;
			sourceTree = "<group>";
		};
		CC99A6712A2D6E5000FA1F76 /* SimplecalculatorUITests */ = {
			isa = PBXGroup;
			children = (
				CC99A6722A2D6E5000FA1F76 /* SimplecalculatorUITests.swift */,
				CC99A6742A2D6E5000FA1F76 /* SimplecalculatorUITestsLaunchTests.swift */,
			);
			path = SimplecalculatorUITests;
			sourceTree = "<group>";
		};
/* End PBXGroup section */

/* Begin PBXNativeTarget section */
		CC99A64D2A2D6E4E00FA1F76 /* Simplecalculator */ = {
			isa = PBXNativeTarget;
			buildConfigurationList = CC99A6782A2D6E5000FA1F76 /* Build configuration list for PBXNativeTarget "Simplecalculator" */;
			buildPhases = (
				CC99A64A2A2D6E4E00FA1F76 /* Sources */,
				CC99A64B2A2D6E4E00FA1F76 /* Frameworks */,
				CC99A64C2A2D6E4E00FA1F76 /* Resources */,
			);
			buildRules = (
			);
			dependencies = (
			);
			name = Simplecalculator;
			productName = Simplecalculator;
			productReference = CC99A64E2A2D6E4E00FA1F76 /* Simplecalculator.app */;
			productType = "com.apple.product-type.application";
		};
		CC99A6632A2D6E5000FA1F76 /* SimplecalculatorTests */ = {
			isa = PBXNativeTarget;
			buildConfigurationList = CC99A67B2A2D6E5000FA1F76 /* Build configuration list for PBXNativeTarget "SimplecalculatorTests" */;
			buildPhases = (
				CC99A6602A2D6E5000FA1F76 /* Sources */,
				CC99A6612A2D6E5000FA1F76 /* Frameworks */,
				CC99A6622A2D6E5000FA1F76 /* Resources */,
			);
			buildRules = (
			);
			dependencies = (
				CC99A6662A2D6E5000FA1F76 /* PBXTargetDependency */,
			);
			name = SimplecalculatorTests;
			productName = SimplecalculatorTests;
			productReference = CC99A6642A2D6E5000FA1F76 /* SimplecalculatorTests.xctest */;
			productType = "com.apple.product-type.bundle.unit-test";
		};
		CC99A66D2A2D6E5000FA1F76 /* SimplecalculatorUITests */ = {
			isa = PBXNativeTarget;
			buildConfigurationList = CC99A67E2A2D6E5000FA1F76 /* Build configuration list for PBXNativeTarget "SimplecalculatorUITests" */;
			buildPhases = (
				CC99A66A2A2D6E5000FA1F76 /* Sources */,
				CC99A66B2A2D6E5000FA1F76 /* Frameworks */,
				CC99A66C2A2D6E5000FA1F76 /* Resources */,
			);
			buildRules = (
			);
			dependencies = (
				CC99A6702A2D6E5000FA1F76 /* PBXTargetDependency */,
			);
			name = SimplecalculatorUITests;
			productName = SimplecalculatorUITests;
			productReference = CC99A66E2A2D6E5000FA1F76 /* SimplecalculatorUITests.xctest */;
			productType = "com.apple.product-type.bundle.ui-testing";
		};
/* End PBXNativeTarget section */

/* Begin PBXProject section */
		CC99A6462A2D6E4E00FA1F76 /* Project object */ = {
			isa = PBXProject;
			attributes = {
				BuildIndependentTargetsInParallel = 1;
				LastSwiftUpdateCheck = 1420;
				LastUpgradeCheck = 1420;
				TargetAttributes = {
					CC99A64D2A2D6E4E00FA1F76 = {
						CreatedOnToolsVersion = 14.2;
					};
					CC99A6632A2D6E5000FA1F76 = {
						CreatedOnToolsVersion = 14.2;
						TestTargetID = CC99A64D2A2D6E4E00FA1F76;
					};
					CC99A66D2A2D6E5000FA1F76 = {
						CreatedOnToolsVersion = 14.2;
						TestTargetID = CC99A64D2A2D6E4E00FA1F76;
					};
				};
			};
			buildConfigurationList = CC99A6492A2D6E4E00FA1F76 /* Build configuration list for PBXProject "Simplecalculator" */;
			compatibilityVersion = "Xcode 14.0";
			developmentRegion = en;
			hasScannedForEncodings = 0;
			knownRegions = (
				en,
				Base,
			);
			mainGroup = CC99A6452A2D6E4E00FA1F76;
			productRefGroup = CC99A64F2A2D6E4E00FA1F76 /* Products */;
			projectDirPath = "";
			projectRoot = "";
			targets = (
				CC99A64D2A2D6E4E00FA1F76 /* Simplecalculator */,
				CC99A6632A2D6E5000FA1F76 /* SimplecalculatorTests */,
				CC99A66D2A2D6E5000FA1F76 /* SimplecalculatorUITests */,
			);
		};
/* End PBXProject section */

/* Begin PBXResourcesBuildPhase section */
		CC99A64C2A2D6E4E00FA1F76 /* Resources */ = {
			isa = PBXResourcesBuildPhase;
			buildActionMask = 2147483647;
			files = (
				CC99A65E2A2D6E4F00FA1F76 /* LaunchScreen.storyboard in Resources */,
				CC99A65B2A2D6E4F00FA1F76 /* Assets.xcassets in Resources */,
				CC99A6592A2D6E4E00FA1F76 /* Main.storyboard in Resources */,
			);
			runOnlyForDeploymentPostprocessing = 0;
		};
		CC99A6622A2D6E5000FA1F76 /* Resources */ = {
			isa = PBXResourcesBuildPhase;
			buildActionMask = 2147483647;
			files = (
			);
			runOnlyForDeploymentPostprocessing = 0;
		};
		CC99A66C2A2D6E5000FA1F76 /* Resources */ = {
			isa = PBXResourcesBuildPhase;
			buildActionMask = 2147483647;
			files = (
			);
			runOnlyForDeploymentPostprocessing = 0;
		};
/* End PBXResourcesBuildPhase section */

/* Begin PBXSourcesBuildPhase section */
		CC99A64A2A2D6E4E00FA1F76 /* Sources */ = {
			isa = PBXSourcesBuildPhase;
			buildActionMask = 2147483647;
			files = (
				CC99A6562A2D6E4E00FA1F76 /* ViewController.swift in Sources */,
				CC99A6822A2D783500FA1F76 /* Calculator.swift in Sources */,
				CC99A6522A2D6E4E00FA1F76 /* AppDelegate.swift in Sources */,
				CC99A6542A2D6E4E00FA1F76 /* SceneDelegate.swift in Sources */,
			);
			runOnlyForDeploymentPostprocessing = 0;
		};
		CC99A6602A2D6E5000FA1F76 /* Sources */ = {
			isa = PBXSourcesBuildPhase;
			buildActionMask = 2147483647;
			files = (
				CC99A6692A2D6E5000FA1F76 /* SimplecalculatorTests.swift in Sources */,
			);
			runOnlyForDeploymentPostprocessing = 0;
		};
		CC99A66A2A2D6E5000FA1F76 /* Sources */ = {
			isa = PBXSourcesBuildPhase;
			buildActionMask = 2147483647;
			files = (
				CC99A6752A2D6E5000FA1F76 /* SimplecalculatorUITestsLaunchTests.swift in Sources */,
				CC99A6732A2D6E5000FA1F76 /* SimplecalculatorUITests.swift in Sources */,
			);
			runOnlyForDeploymentPostprocessing = 0;
		};
/* End PBXSourcesBuildPhase section */

/* Begin PBXTargetDependency section */
		CC99A6662A2D6E5000FA1F76 /* PBXTargetDependency */ = {
			isa = PBXTargetDependency;
			target = CC99A64D2A2D6E4E00FA1F76 /* Simplecalculator */;
			targetProxy = CC99A6652A2D6E5000FA1F76 /* PBXContainerItemProxy */;
		};
		CC99A6702A2D6E5000FA1F76 /* PBXTargetDependency */ = {
			isa = PBXTargetDependency;
			target = CC99A64D2A2D6E4E00FA1F76 /* Simplecalculator */;
			targetProxy = CC99A66F2A2D6E5000FA1F76 /* PBXContainerItemProxy */;
		};
/* End PBXTargetDependency section */

/* Begin PBXVariantGroup section */
		CC99A6572A2D6E4E00FA1F76 /* Main.storyboard */ = {
			isa = PBXVariantGroup;
			children = (
				CC99A6582A2D6E4E00FA1F76 /* Base */,
			);
			name = Main.storyboard;
			sourceTree = "<group>";
		};
		CC99A65C2A2D6E4F00FA1F76 /* LaunchScreen.storyboard */ = {
			isa = PBXVariantGroup;
			children = (
				CC99A65D2A2D6E4F00FA1F76 /* Base */,
			);
			name = LaunchScreen.storyboard;
			sourceTree = "<group>";
		};
/* End PBXVariantGroup section */

/* Begin XCBuildConfiguration section */
		CC99A6762A2D6E5000FA1F76 /* Debug */ = {
			isa = XCBuildConfiguration;
			buildSettings = {
				ALWAYS_SEARCH_USER_PATHS = NO;
				CLANG_ANALYZER_NONNULL = YES;
				CLANG_ANALYZER_NUMBER_OBJECT_CONVERSION = YES_AGGRESSIVE;
				CLANG_CXX_LANGUAGE_STANDARD = "gnu++20";
				CLANG_ENABLE_MODULES = YES;
				CLANG_ENABLE_OBJC_ARC = YES;
				CLANG_ENABLE_OBJC_WEAK = YES;
				CLANG_WARN_BLOCK_CAPTURE_AUTORELEASING = YES;
				CLANG_WARN_BOOL_CONVERSION = YES;
				CLANG_WARN_COMMA = YES;
				CLANG_WARN_CONSTANT_CONVERSION = YES;
				CLANG_WARN_DEPRECATED_OBJC_IMPLEMENTATIONS = YES;
				CLANG_WARN_DIRECT_OBJC_ISA_USAGE = YES_ERROR;
				CLANG_WARN_DOCUMENTATION_COMMENTS = YES;
				CLANG_WARN_EMPTY_BODY = YES;
				CLANG_WARN_ENUM_CONVERSION = YES;
				CLANG_WARN_INFINITE_RECURSION = YES;
				CLANG_WARN_INT_CONVERSION = YES;
				CLANG_WARN_NON_LITERAL_NULL_CONVERSION = YES;
				CLANG_WARN_OBJC_IMPLICIT_RETAIN_SELF = YES;
				CLANG_WARN_OBJC_LITERAL_CONVERSION = YES;
				CLANG_WARN_OBJC_ROOT_CLASS = YES_ERROR;
				CLANG_WARN_QUOTED_INCLUDE_IN_FRAMEWORK_HEADER = YES;
				CLANG_WARN_RANGE_LOOP_ANALYSIS = YES;
				CLANG_WARN_STRICT_PROTOTYPES = YES;
				CLANG_WARN_SUSPICIOUS_MOVE = YES;
				CLANG_WARN_UNGUARDED_AVAILABILITY = YES_AGGRESSIVE;
				CLANG_WARN_UNREACHABLE_CODE = YES;
				CLANG_WARN__DUPLICATE_METHOD_MATCH = YES;
				COPY_PHASE_STRIP = NO;
				DEBUG_INFORMATION_FORMAT = dwarf;
				ENABLE_STRICT_OBJC_MSGSEND = YES;
				ENABLE_TESTABILITY = YES;
				GCC_C_LANGUAGE_STANDARD = gnu11;
				GCC_DYNAMIC_NO_PIC = NO;
				GCC_NO_COMMON_BLOCKS = YES;
				GCC_OPTIMIZATION_LEVEL = 0;
				GCC_PREPROCESSOR_DEFINITIONS = (
					"DEBUG=1",
					"$(inherited)",
				);
				GCC_WARN_64_TO_32_BIT_CONVERSION = YES;
				GCC_WARN_ABOUT_RETURN_TYPE = YES_ERROR;
				GCC_WARN_UNDECLARED_SELECTOR = YES;
				GCC_WARN_UNINITIALIZED_AUTOS = YES_AGGRESSIVE;
				GCC_WARN_UNUSED_FUNCTION = YES;
				GCC_WARN_UNUSED_VARIABLE = YES;
				IPHONEOS_DEPLOYMENT_TARGET = 16.2;
				MTL_ENABLE_DEBUG_INFO = INCLUDE_SOURCE;
				MTL_FAST_MATH = YES;
				ONLY_ACTIVE_ARCH = YES;
				SDKROOT = iphoneos;
				SWIFT_ACTIVE_COMPILATION_CONDITIONS = DEBUG;
				SWIFT_OPTIMIZATION_LEVEL = "-Onone";
			};
			name = Debug;
		};
		CC99A6772A2D6E5000FA1F76 /* Release */ = {
			isa = XCBuildConfiguration;
			buildSettings = {
				ALWAYS_SEARCH_USER_PATHS = NO;
				CLANG_ANALYZER_NONNULL = YES;
				CLANG_ANALYZER_NUMBER_OBJECT_CONVERSION = YES_AGGRESSIVE;
				CLANG_CXX_LANGUAGE_STANDARD = "gnu++20";
				CLANG_ENABLE_MODULES = YES;
				CLANG_ENABLE_OBJC_ARC = YES;
				CLANG_ENABLE_OBJC_WEAK = YES;
				CLANG_WARN_BLOCK_CAPTURE_AUTORELEASING = YES;
				CLANG_WARN_BOOL_CONVERSION = YES;
				CLANG_WARN_COMMA = YES;
				CLANG_WARN_CONSTANT_CONVERSION = YES;
				CLANG_WARN_DEPRECATED_OBJC_IMPLEMENTATIONS = YES;
				CLANG_WARN_DIRECT_OBJC_ISA_USAGE = YES_ERROR;
				CLANG_WARN_DOCUMENTATION_COMMENTS = YES;
				CLANG_WARN_EMPTY_BODY = YES;
				CLANG_WARN_ENUM_CONVERSION = YES;
				CLANG_WARN_INFINITE_RECURSION = YES;
				CLANG_WARN_INT_CONVERSION = YES;
				CLANG_WARN_NON_LITERAL_NULL_CONVERSION = YES;
				CLANG_WARN_OBJC_IMPLICIT_RETAIN_SELF = YES;
				CLANG_WARN_OBJC_LITERAL_CONVERSION = YES;
				CLANG_WARN_OBJC_ROOT_CLASS = YES_ERROR;
				CLANG_WARN_QUOTED_INCLUDE_IN_FRAMEWORK_HEADER = YES;
				CLANG_WARN_RANGE_LOOP_ANALYSIS = YES;
				CLANG_WARN_STRICT_PROTOTYPES = YES;
				CLANG_WARN_SUSPICIOUS_MOVE = YES;
				CLANG_WARN_UNGUARDED_AVAILABILITY = YES_AGGRESSIVE;
				CLANG_WARN_UNREACHABLE_CODE = YES;
				CLANG_WARN__DUPLICATE_METHOD_MATCH = YES;
				COPY_PHASE_STRIP = NO;
				DEBUG_INFORMATION_FORMAT = "dwarf-with-dsym";
				ENABLE_NS_ASSERTIONS = NO;
				ENABLE_STRICT_OBJC_MSGSEND = YES;
				GCC_C_LANGUAGE_STANDARD = gnu11;
				GCC_NO_COMMON_BLOCKS = YES;
				GCC_WARN_64_TO_32_BIT_CONVERSION = YES;
				GCC_WARN_ABOUT_RETURN_TYPE = YES_ERROR;
				GCC_WARN_UNDECLARED_SELECTOR = YES;
				GCC_WARN_UNINITIALIZED_AUTOS = YES_AGGRESSIVE;
				GCC_WARN_UNUSED_FUNCTION = YES;
				GCC_WARN_UNUSED_VARIABLE = YES;
				IPHONEOS_DEPLOYMENT_TARGET = 16.2;
				MTL_ENABLE_DEBUG_INFO = NO;
				MTL_FAST_MATH = YES;
				SDKROOT = iphoneos;
				SWIFT_COMPILATION_MODE = wholemodule;
				SWIFT_OPTIMIZATION_LEVEL = "-O";
				VALIDATE_PRODUCT = YES;
			};
			name = Release;
		};
		CC99A6792A2D6E5000FA1F76 /* Debug */ = {
			isa = XCBuildConfiguration;
			buildSettings = {
				ASSETCATALOG_COMPILER_APPICON_NAME = AppIcon;
				ASSETCATALOG_COMPILER_GLOBAL_ACCENT_COLOR_NAME = AccentColor;
				CODE_SIGN_STYLE = Automatic;
				CURRENT_PROJECT_VERSION = 1;
				GENERATE_INFOPLIST_FILE = YES;
				INFOPLIST_FILE = Simplecalculator/Info.plist;
				INFOPLIST_KEY_UIApplicationSupportsIndirectInputEvents = YES;
				INFOPLIST_KEY_UILaunchStoryboardName = LaunchScreen;
				INFOPLIST_KEY_UIMainStoryboardFile = Main;
				INFOPLIST_KEY_UISupportedInterfaceOrientations_iPad = "UIInterfaceOrientationPortrait UIInterfaceOrientationPortraitUpsideDown UIInterfaceOrientationLandscapeLeft UIInterfaceOrientationLandscapeRight";
				INFOPLIST_KEY_UISupportedInterfaceOrientations_iPhone = "UIInterfaceOrientationPortrait UIInterfaceOrientationLandscapeLeft UIInterfaceOrientationLandscapeRight";
				LD_RUNPATH_SEARCH_PATHS = (
					"$(inherited)",
					"@executable_path/Frameworks",
				);
				MARKETING_VERSION = 1.0;
				PRODUCT_BUNDLE_IDENTIFIER = ca.humber.Simplecalculator;
				PRODUCT_NAME = "$(TARGET_NAME)";
				SWIFT_EMIT_LOC_STRINGS = YES;
				SWIFT_VERSION = 5.0;
				TARGETED_DEVICE_FAMILY = "1,2";
			};
			name = Debug;
		};
		CC99A67A2A2D6E5000FA1F76 /* Release */ = {
			isa = XCBuildConfiguration;
			buildSettings = {
				ASSETCATALOG_COMPILER_APPICON_NAME = AppIcon;
				ASSETCATALOG_COMPILER_GLOBAL_ACCENT_COLOR_NAME = AccentColor;
				CODE_SIGN_STYLE = Automatic;
				CURRENT_PROJECT_VERSION = 1;
				GENERATE_INFOPLIST_FILE = YES;
				INFOPLIST_FILE = Simplecalculator/Info.plist;
				INFOPLIST_KEY_UIApplicationSupportsIndirectInputEvents = YES;
				INFOPLIST_KEY_UILaunchStoryboardName = LaunchScreen;
				INFOPLIST_KEY_UIMainStoryboardFile = Main;
				INFOPLIST_KEY_UISupportedInterfaceOrientations_iPad = "UIInterfaceOrientationPortrait UIInterfaceOrientationPortraitUpsideDown UIInterfaceOrientationLandscapeLeft UIInterfaceOrientationLandscapeRight";
				INFOPLIST_KEY_UISupportedInterfaceOrientations_iPhone = "UIInterfaceOrientationPortrait UIInterfaceOrientationLandscapeLeft UIInterfaceOrientationLandscapeRight";
				LD_RUNPATH_SEARCH_PATHS = (
					"$(inherited)",
					"@executable_path/Frameworks",
				);
				MARKETING_VERSION = 1.0;
				PRODUCT_BUNDLE_IDENTIFIER = ca.humber.Simplecalculator;
				PRODUCT_NAME = "$(TARGET_NAME)";
				SWIFT_EMIT_LOC_STRINGS = YES;
				SWIFT_VERSION = 5.0;
				TARGETED_DEVICE_FAMILY = "1,2";
			};
			name = Release;
		};
		CC99A67C2A2D6E5000FA1F76 /* Debug */ = {
			isa = XCBuildConfiguration;
			buildSettings = {
				ALWAYS_EMBED_SWIFT_STANDARD_LIBRARIES = YES;
				BUNDLE_LOADER = "$(TEST_HOST)";
				CODE_SIGN_STYLE = Automatic;
				CURRENT_PROJECT_VERSION = 1;
				GENERATE_INFOPLIST_FILE = YES;
				IPHONEOS_DEPLOYMENT_TARGET = 16.2;
				MARKETING_VERSION = 1.0;
				PRODUCT_BUNDLE_IDENTIFIER = ca.humber.SimplecalculatorTests;
				PRODUCT_NAME = "$(TARGET_NAME)";
				SWIFT_EMIT_LOC_STRINGS = NO;
				SWIFT_VERSION = 5.0;
				TARGETED_DEVICE_FAMILY = "1,2";
				TEST_HOST = "$(BUILT_PRODUCTS_DIR)/Simplecalculator.app/$(BUNDLE_EXECUTABLE_FOLDER_PATH)/Simplecalculator";
			};
			name = Debug;
		};
		CC99A67D2A2D6E5000FA1F76 /* Release */ = {
			isa = XCBuildConfiguration;
			buildSettings = {
				ALWAYS_EMBED_SWIFT_STANDARD_LIBRARIES = YES;
				BUNDLE_LOADER = "$(TEST_HOST)";
				CODE_SIGN_STYLE = Automatic;
				CURRENT_PROJECT_VERSION = 1;
				GENERATE_INFOPLIST_FILE = YES;
				IPHONEOS_DEPLOYMENT_TARGET = 16.2;
				MARKETING_VERSION = 1.0;
				PRODUCT_BUNDLE_IDENTIFIER = ca.humber.SimplecalculatorTests;
				PRODUCT_NAME = "$(TARGET_NAME)";
				SWIFT_EMIT_LOC_STRINGS = NO;
				SWIFT_VERSION = 5.0;
				TARGETED_DEVICE_FAMILY = "1,2";
				TEST_HOST = "$(BUILT_PRODUCTS_DIR)/Simplecalculator.app/$(BUNDLE_EXECUTABLE_FOLDER_PATH)/Simplecalculator";
			};
			name = Release;
		};
		CC99A67F2A2D6E5000FA1F76 /* Debug */ = {
			isa = XCBuildConfiguration;
			buildSettings = {
				ALWAYS_EMBED_SWIFT_STANDARD_LIBRARIES = YES;
				CODE_SIGN_STYLE = Automatic;
				CURRENT_PROJECT_VERSION = 1;
				GENERATE_INFOPLIST_FILE = YES;
				MARKETING_VERSION = 1.0;
				PRODUCT_BUNDLE_IDENTIFIER = ca.humber.SimplecalculatorUITests;
				PRODUCT_NAME = "$(TARGET_NAME)";
				SWIFT_EMIT_LOC_STRINGS = NO;
				SWIFT_VERSION = 5.0;
				TARGETED_DEVICE_FAMILY = "1,2";
				TEST_TARGET_NAME = Simplecalculator;
			};
			name = Debug;
		};
		CC99A6802A2D6E5000FA1F76 /* Release */ = {
			isa = XCBuildConfiguration;
			buildSettings = {
				ALWAYS_EMBED_SWIFT_STANDARD_LIBRARIES = YES;
				CODE_SIGN_STYLE = Automatic;
				CURRENT_PROJECT_VERSION = 1;
				GENERATE_INFOPLIST_FILE = YES;
				MARKETING_VERSION = 1.0;
				PRODUCT_BUNDLE_IDENTIFIER = ca.humber.SimplecalculatorUITests;
				PRODUCT_NAME = "$(TARGET_NAME)";
				SWIFT_EMIT_LOC_STRINGS = NO;
				SWIFT_VERSION = 5.0;
				TARGETED_DEVICE_FAMILY = "1,2";
				TEST_TARGET_NAME = Simplecalculator;
			};
			name = Release;
		};
/* End XCBuildConfiguration section */

/* Begin XCConfigurationList section */
		CC99A6492A2D6E4E00FA1F76 /* Build configuration list for PBXProject "Simplecalculator" */ = {
			isa = XCConfigurationList;
			buildConfigurations = (
				CC99A6762A2D6E5000FA1F76 /* Debug */,
				CC99A6772A2D6E5000FA1F76 /* Release */,
			);
			defaultConfigurationIsVisible = 0;
			defaultConfigurationName = Release;
		};
		CC99A6782A2D6E5000FA1F76 /* Build configuration list for PBXNativeTarget "Simplecalculator" */ = {
			isa = XCConfigurationList;
			buildConfigurations = (
				CC99A6792A2D6E5000FA1F76 /* Debug */,
				CC99A67A2A2D6E5000FA1F76 /* Release */,
			);
			defaultConfigurationIsVisible = 0;
			defaultConfigurationName = Release;
		};
		CC99A67B2A2D6E5000FA1F76 /* Build configuration list for PBXNativeTarget "SimplecalculatorTests" */ = {
			isa = XCConfigurationList;
			buildConfigurations = (
				CC99A67C2A2D6E5000FA1F76 /* Debug */,
				CC99A67D2A2D6E5000FA1F76 /* Release */,
			);
			defaultConfigurationIsVisible = 0;
			defaultConfigurationName = Release;
		};
		CC99A67E2A2D6E5000FA1F76 /* Build configuration list for PBXNativeTarget "SimplecalculatorUITests" */ = {
			isa = XCConfigurationList;
			buildConfigurations = (
				CC99A67F2A2D6E5000FA1F76 /* Debug */,
				CC99A6802A2D6E5000FA1F76 /* Release */,
			);
			defaultConfigurationIsVisible = 0;
			defaultConfigurationName = Release;
		};
/* End XCConfigurationList section */
	};
	rootObject = CC99A6462A2D6E4E00FA1F76 /* Project object */;
}
